
Microsoft Visual Studio Solution File, Format Version 12.00
# Visual Studio Version 16
VisualStudioVersion = 16.0.30611.23
MinimumVisualStudioVersion = 10.0.40219.1
Project("{FAE04EC0-301F-11D3-BF4B-00C04F79EFBC}") = "dotNet5781_00_ 5173_9142", "dotNet5781_00_ 5173_9142\dotNet5781_00_ 5173_9142.csproj", "{F06D867C-A427-43B0-8D55-CF9769E0B801}"
EndProject
Global
	GlobalSection(SolutionConfigurationPlatforms) = preSolution
		Debug|Any CPU = Debug|Any CPU
		Release|Any CPU = Release|Any CPU
	EndGlobalSection
	GlobalSection(ProjectConfigurationPlatforms) = postSolution
		{F06D867C-A427-43B0-8D55-CF9769E0B801}.Debug|Any CPU.ActiveCfg = Debug|Any CPU
		{F06D867C-A427-43B0-8D55-CF9769E0B801}.Debug|Any CPU.Build.0 = Debug|Any CPU
		{F06D867C-A427-43B0-8D55-CF9769E0B801}.Release|Any CPU.ActiveCfg = Release|Any CPU
		{F06D867C-A427-43B0-8D55-CF9769E0B801}.Release|Any CPU.Build.0 = Release|Any CPU
	EndGlobalSection
	GlobalSection(SolutionProperties) = preSolution
		HideSolutionNode = FALSE
	EndGlobalSection
	GlobalSection(ExtensibilityGlobals) = postSolution
		SolutionGuid = {B45FD102-D8E0-43AC-BD9E-390EDB142378}
	EndGlobalSection
EndGlobal
