
Microsoft Visual Studio Solution File, Format Version 12.00
# Visual Studio Version 16
VisualStudioVersion = 16.0.30611.23
MinimumVisualStudioVersion = 10.0.40219.1
Project("{FAE04EC0-301F-11D3-BF4B-00C04F79EFBC}") = "dotNet5781_00_ 5173_9142", "dotNet5781_00_ 5173_9142\dotNet5781_00_ 5173_9142.csproj", "{F06D867C-A427-43B0-8D55-CF9769E0B801}"
EndProject
Project("{FAE04EC0-301F-11D3-BF4B-00C04F79EFBC}") = "dotNet5781_01_5713_9142", "dotNet5781_01_5713_9142\dotNet5781_01_5713_9142.csproj", "{7EB8F059-33CD-492F-864C-A43AFDCA79A2}"
EndProject
Project("{FAE04EC0-301F-11D3-BF4B-00C04F79EFBC}") = "dotNet5781_02_5173_9142", "dotNet5781_02_5173_9142\dotNet5781_02_5173_9142.csproj", "{F48F0A43-5CF6-4A70-BFB0-33E78C5F5D61}"
EndProject
Project("{FAE04EC0-301F-11D3-BF4B-00C04F79EFBC}") = "dotNet5781_03A_5173_9142", "dotNet5781_03A_5173_9142\dotNet5781_03A_5173_9142.csproj", "{49423308-9731-48DE-8C43-31361A5A8F85}"
EndProject
Project("{FAE04EC0-301F-11D3-BF4B-00C04F79EFBC}") = "dotNet5781_03B_5173_9142", "dotNet5781_03B_5173_9142\dotNet5781_03B_5173_9142.csproj", "{74B10A17-87DB-4A4C-8204-8F6C6775C92F}"
EndProject
Project("{2150E333-8FDC-42A3-9474-1A3956D46DE8}") = "Solution Items", "Solution Items", "{AA94F7BD-24E5-4EC3-A10E-07B3883400AC}"
	ProjectSection(SolutionItems) = preProject
		bin\Config.xml = bin\Config.xml
	EndProjectSection
EndProject
Project("{FAE04EC0-301F-11D3-BF4B-00C04F79EFBC}") = "BL", "BL\BL.csproj", "{6450FFB2-0438-4A4C-A066-E8FE7EA68176}"
EndProject
Project("{FAE04EC0-301F-11D3-BF4B-00C04F79EFBC}") = "DalApi", "dalAPI\DalApi.csproj", "{32053A32-B7B8-49E3-BA3C-567586F9A179}"
EndProject
Project("{FAE04EC0-301F-11D3-BF4B-00C04F79EFBC}") = "DalObject", "DalObject\DalObject.csproj", "{0F4422F1-D1E5-4884-9C96-D1C8CABDFCE2}"
EndProject
Project("{FAE04EC0-301F-11D3-BF4B-00C04F79EFBC}") = "DalXml", "DalXml\DalXml.csproj", "{0EB851B0-046C-4A18-9249-2ED11DCB0D2B}"
EndProject
Project("{FAE04EC0-301F-11D3-BF4B-00C04F79EFBC}") = "DS", "DS\DS.csproj", "{3866064E-7993-46B1-895B-0D0ADD880A19}"
EndProject
Project("{FAE04EC0-301F-11D3-BF4B-00C04F79EFBC}") = "PL_WPF", "PL_WPF\PL_WPF.csproj", "{378226BB-D13F-4955-8219-7B45DB19B23F}"
EndProject
Global
	GlobalSection(SolutionConfigurationPlatforms) = preSolution
		Debug|Any CPU = Debug|Any CPU
		Release|Any CPU = Release|Any CPU
	EndGlobalSection
	GlobalSection(ProjectConfigurationPlatforms) = postSolution
		{F06D867C-A427-43B0-8D55-CF9769E0B801}.Debug|Any CPU.ActiveCfg = Debug|Any CPU
		{F06D867C-A427-43B0-8D55-CF9769E0B801}.Debug|Any CPU.Build.0 = Debug|Any CPU
		{F06D867C-A427-43B0-8D55-CF9769E0B801}.Release|Any CPU.ActiveCfg = Release|Any CPU
		{F06D867C-A427-43B0-8D55-CF9769E0B801}.Release|Any CPU.Build.0 = Release|Any CPU
		{7EB8F059-33CD-492F-864C-A43AFDCA79A2}.Debug|Any CPU.ActiveCfg = Debug|Any CPU
		{7EB8F059-33CD-492F-864C-A43AFDCA79A2}.Debug|Any CPU.Build.0 = Debug|Any CPU
		{7EB8F059-33CD-492F-864C-A43AFDCA79A2}.Release|Any CPU.ActiveCfg = Release|Any CPU
		{7EB8F059-33CD-492F-864C-A43AFDCA79A2}.Release|Any CPU.Build.0 = Release|Any CPU
		{F48F0A43-5CF6-4A70-BFB0-33E78C5F5D61}.Debug|Any CPU.ActiveCfg = Debug|Any CPU
		{F48F0A43-5CF6-4A70-BFB0-33E78C5F5D61}.Debug|Any CPU.Build.0 = Debug|Any CPU
		{F48F0A43-5CF6-4A70-BFB0-33E78C5F5D61}.Release|Any CPU.ActiveCfg = Release|Any CPU
		{F48F0A43-5CF6-4A70-BFB0-33E78C5F5D61}.Release|Any CPU.Build.0 = Release|Any CPU
		{49423308-9731-48DE-8C43-31361A5A8F85}.Debug|Any CPU.ActiveCfg = Debug|Any CPU
		{49423308-9731-48DE-8C43-31361A5A8F85}.Debug|Any CPU.Build.0 = Debug|Any CPU
		{49423308-9731-48DE-8C43-31361A5A8F85}.Release|Any CPU.ActiveCfg = Release|Any CPU
		{49423308-9731-48DE-8C43-31361A5A8F85}.Release|Any CPU.Build.0 = Release|Any CPU
		{74B10A17-87DB-4A4C-8204-8F6C6775C92F}.Debug|Any CPU.ActiveCfg = Debug|Any CPU
		{74B10A17-87DB-4A4C-8204-8F6C6775C92F}.Debug|Any CPU.Build.0 = Debug|Any CPU
		{74B10A17-87DB-4A4C-8204-8F6C6775C92F}.Release|Any CPU.ActiveCfg = Release|Any CPU
		{74B10A17-87DB-4A4C-8204-8F6C6775C92F}.Release|Any CPU.Build.0 = Release|Any CPU
		{6450FFB2-0438-4A4C-A066-E8FE7EA68176}.Debug|Any CPU.ActiveCfg = Debug|Any CPU
		{6450FFB2-0438-4A4C-A066-E8FE7EA68176}.Debug|Any CPU.Build.0 = Debug|Any CPU
		{6450FFB2-0438-4A4C-A066-E8FE7EA68176}.Release|Any CPU.ActiveCfg = Release|Any CPU
		{6450FFB2-0438-4A4C-A066-E8FE7EA68176}.Release|Any CPU.Build.0 = Release|Any CPU
		{32053A32-B7B8-49E3-BA3C-567586F9A179}.Debug|Any CPU.ActiveCfg = Debug|Any CPU
		{32053A32-B7B8-49E3-BA3C-567586F9A179}.Debug|Any CPU.Build.0 = Debug|Any CPU
		{32053A32-B7B8-49E3-BA3C-567586F9A179}.Release|Any CPU.ActiveCfg = Release|Any CPU
		{32053A32-B7B8-49E3-BA3C-567586F9A179}.Release|Any CPU.Build.0 = Release|Any CPU
		{0F4422F1-D1E5-4884-9C96-D1C8CABDFCE2}.Debug|Any CPU.ActiveCfg = Debug|Any CPU
		{0F4422F1-D1E5-4884-9C96-D1C8CABDFCE2}.Debug|Any CPU.Build.0 = Debug|Any CPU
		{0F4422F1-D1E5-4884-9C96-D1C8CABDFCE2}.Release|Any CPU.ActiveCfg = Release|Any CPU
		{0F4422F1-D1E5-4884-9C96-D1C8CABDFCE2}.Release|Any CPU.Build.0 = Release|Any CPU
		{0EB851B0-046C-4A18-9249-2ED11DCB0D2B}.Debug|Any CPU.ActiveCfg = Debug|Any CPU
		{0EB851B0-046C-4A18-9249-2ED11DCB0D2B}.Debug|Any CPU.Build.0 = Debug|Any CPU
		{0EB851B0-046C-4A18-9249-2ED11DCB0D2B}.Release|Any CPU.ActiveCfg = Release|Any CPU
		{0EB851B0-046C-4A18-9249-2ED11DCB0D2B}.Release|Any CPU.Build.0 = Release|Any CPU
		{3866064E-7993-46B1-895B-0D0ADD880A19}.Debug|Any CPU.ActiveCfg = Debug|Any CPU
		{3866064E-7993-46B1-895B-0D0ADD880A19}.Debug|Any CPU.Build.0 = Debug|Any CPU
		{3866064E-7993-46B1-895B-0D0ADD880A19}.Release|Any CPU.ActiveCfg = Release|Any CPU
		{3866064E-7993-46B1-895B-0D0ADD880A19}.Release|Any CPU.Build.0 = Release|Any CPU
		{378226BB-D13F-4955-8219-7B45DB19B23F}.Debug|Any CPU.ActiveCfg = Debug|Any CPU
		{378226BB-D13F-4955-8219-7B45DB19B23F}.Debug|Any CPU.Build.0 = Debug|Any CPU
		{378226BB-D13F-4955-8219-7B45DB19B23F}.Release|Any CPU.ActiveCfg = Release|Any CPU
		{378226BB-D13F-4955-8219-7B45DB19B23F}.Release|Any CPU.Build.0 = Release|Any CPU
	EndGlobalSection
	GlobalSection(SolutionProperties) = preSolution
		HideSolutionNode = FALSE
	EndGlobalSection
	GlobalSection(ExtensibilityGlobals) = postSolution
		SolutionGuid = {B45FD102-D8E0-43AC-BD9E-390EDB142378}
	EndGlobalSection
EndGlobal
